
Microsoft Visual Studio Solution File, Format Version 12.00
# Visual Studio 14
VisualStudioVersion = 14.0.24720.0
MinimumVisualStudioVersion = 10.0.40219.1
Project("{8BC9CEB8-8B4A-11D0-8D11-00A0C91BC942}") = "joseki_viewer", "joseki_viewer\joseki_viewer.vcxproj", "{FF69E526-11AF-4785-A58C-9C22D2ECF2F3}"
EndProject
Project("{8BC9CEB8-8B4A-11D0-8D11-00A0C91BC942}") = "unit_test", "unit_test\unit_test.vcxproj", "{2B03B865-8984-459A-A4C9-7F917E23458B}"
EndProject
Global
	GlobalSection(SolutionConfigurationPlatforms) = preSolution
		Debug|x64 = Debug|x64
		Debug|x86 = Debug|x86
		Release|x64 = Release|x64
		Release|x86 = Release|x86
	EndGlobalSection
	GlobalSection(ProjectConfigurationPlatforms) = postSolution
		{FF69E526-11AF-4785-A58C-9C22D2ECF2F3}.Debug|x64.ActiveCfg = Debug|x64
		{FF69E526-11AF-4785-A58C-9C22D2ECF2F3}.Debug|x64.Build.0 = Debug|x64
		{FF69E526-11AF-4785-A58C-9C22D2ECF2F3}.Debug|x86.ActiveCfg = Debug|x64
		{FF69E526-11AF-4785-A58C-9C22D2ECF2F3}.Release|x64.ActiveCfg = Release|x64
		{FF69E526-11AF-4785-A58C-9C22D2ECF2F3}.Release|x64.Build.0 = Release|x64
		{FF69E526-11AF-4785-A58C-9C22D2ECF2F3}.Release|x86.ActiveCfg = Release|x64
		{2B03B865-8984-459A-A4C9-7F917E23458B}.Debug|x64.ActiveCfg = Debug|x64
		{2B03B865-8984-459A-A4C9-7F917E23458B}.Debug|x64.Build.0 = Debug|x64
		{2B03B865-8984-459A-A4C9-7F917E23458B}.Debug|x86.ActiveCfg = Debug|Win32
		{2B03B865-8984-459A-A4C9-7F917E23458B}.Debug|x86.Build.0 = Debug|Win32
		{2B03B865-8984-459A-A4C9-7F917E23458B}.Release|x64.ActiveCfg = Release|x64
		{2B03B865-8984-459A-A4C9-7F917E23458B}.Release|x64.Build.0 = Release|x64
		{2B03B865-8984-459A-A4C9-7F917E23458B}.Release|x86.ActiveCfg = Release|Win32
		{2B03B865-8984-459A-A4C9-7F917E23458B}.Release|x86.Build.0 = Release|Win32
	EndGlobalSection
	GlobalSection(SolutionProperties) = preSolution
		HideSolutionNode = FALSE
	EndGlobalSection
EndGlobal
